
Microsoft Visual Studio Solution File, Format Version 12.00
# Visual Studio Version 16
VisualStudioVersion = 16.0.32228.343
MinimumVisualStudioVersion = 10.0.40219.1
Project("{FAE04EC0-301F-11D3-BF4B-00C04F79EFBC}") = "AudibleCharacterStatus", "AudibleCharacterStatus.csproj", "{40946089-3E36-490F-A451-BA9E6EEF7743}"
EndProject
Global
	GlobalSection(SolutionConfigurationPlatforms) = preSolution
		Debug|Any CPU = Debug|Any CPU
		Release|Any CPU = Release|Any CPU
	EndGlobalSection
	GlobalSection(ProjectConfigurationPlatforms) = postSolution
		{40946089-3E36-490F-A451-BA9E6EEF7743}.Debug|Any CPU.ActiveCfg = Debug|Any CPU
		{40946089-3E36-490F-A451-BA9E6EEF7743}.Debug|Any CPU.Build.0 = Debug|Any CPU
		{40946089-3E36-490F-A451-BA9E6EEF7743}.Release|Any CPU.ActiveCfg = Release|Any CPU
		{40946089-3E36-490F-A451-BA9E6EEF7743}.Release|Any CPU.Build.0 = Release|Any CPU
	EndGlobalSection
	GlobalSection(SolutionProperties) = preSolution
		HideSolutionNode = FALSE
	EndGlobalSection
	GlobalSection(ExtensibilityGlobals) = postSolution
		SolutionGuid = {BAC7B3B3-A7BB-486C-AE96-46A559BB038F}
	EndGlobalSection
EndGlobal
